
Microsoft Visual Studio Solution File, Format Version 12.00
# Visual Studio Version 17
VisualStudioVersion = 17.0.31903.59
MinimumVisualStudioVersion = 10.0.40219.1
Project("{FAE04EC0-301F-11D3-BF4B-00C04F79EFBC}") = "CaptainCoder.MineSweeper", "CaptainCoder.MineSweeper\CaptainCoder.MineSweeper.csproj", "{8E611E5C-A432-4220-9253-FD5C2317916E}"
EndProject
Project("{FAE04EC0-301F-11D3-BF4B-00C04F79EFBC}") = "CaptainCoder.MineSweeper.Tests", "CaptainCoder.MineSweeper.Tests\CaptainCoder.MineSweeper.Tests.csproj", "{874822A4-A3E1-441B-98D0-38D331B68DB7}"
EndProject
Project("{FAE04EC0-301F-11D3-BF4B-00C04F79EFBC}") = "CaptainCoder.ConsoleSweeper", "CaptainCoder.ConsoleSweeper\CaptainCoder.ConsoleSweeper.csproj", "{239A8A24-581E-4162-9F16-3828F1DC4E7B}"
EndProject
Project("{FAE04EC0-301F-11D3-BF4B-00C04F79EFBC}") = "CaptainCoder.MonoSweeper", "CaptainCoder.MonoSweeper\CaptainCoder.MonoSweeper.csproj", "{AD0BF1A3-051B-46C8-94F0-28C77E8AFD7B}"
EndProject
Global
	GlobalSection(SolutionConfigurationPlatforms) = preSolution
		Debug|Any CPU = Debug|Any CPU
		Release|Any CPU = Release|Any CPU
	EndGlobalSection
	GlobalSection(SolutionProperties) = preSolution
		HideSolutionNode = FALSE
	EndGlobalSection
	GlobalSection(ProjectConfigurationPlatforms) = postSolution
		{8E611E5C-A432-4220-9253-FD5C2317916E}.Debug|Any CPU.ActiveCfg = Debug|Any CPU
		{8E611E5C-A432-4220-9253-FD5C2317916E}.Debug|Any CPU.Build.0 = Debug|Any CPU
		{8E611E5C-A432-4220-9253-FD5C2317916E}.Release|Any CPU.ActiveCfg = Release|Any CPU
		{8E611E5C-A432-4220-9253-FD5C2317916E}.Release|Any CPU.Build.0 = Release|Any CPU
		{874822A4-A3E1-441B-98D0-38D331B68DB7}.Debug|Any CPU.ActiveCfg = Debug|Any CPU
		{874822A4-A3E1-441B-98D0-38D331B68DB7}.Debug|Any CPU.Build.0 = Debug|Any CPU
		{874822A4-A3E1-441B-98D0-38D331B68DB7}.Release|Any CPU.ActiveCfg = Release|Any CPU
		{874822A4-A3E1-441B-98D0-38D331B68DB7}.Release|Any CPU.Build.0 = Release|Any CPU
		{239A8A24-581E-4162-9F16-3828F1DC4E7B}.Debug|Any CPU.ActiveCfg = Debug|Any CPU
		{239A8A24-581E-4162-9F16-3828F1DC4E7B}.Debug|Any CPU.Build.0 = Debug|Any CPU
		{239A8A24-581E-4162-9F16-3828F1DC4E7B}.Release|Any CPU.ActiveCfg = Release|Any CPU
		{239A8A24-581E-4162-9F16-3828F1DC4E7B}.Release|Any CPU.Build.0 = Release|Any CPU
		{AD0BF1A3-051B-46C8-94F0-28C77E8AFD7B}.Debug|Any CPU.ActiveCfg = Debug|Any CPU
		{AD0BF1A3-051B-46C8-94F0-28C77E8AFD7B}.Debug|Any CPU.Build.0 = Debug|Any CPU
		{AD0BF1A3-051B-46C8-94F0-28C77E8AFD7B}.Release|Any CPU.ActiveCfg = Release|Any CPU
		{AD0BF1A3-051B-46C8-94F0-28C77E8AFD7B}.Release|Any CPU.Build.0 = Release|Any CPU
	EndGlobalSection
EndGlobal
